
Microsoft Visual Studio Solution File, Format Version 12.00
# Visual Studio 2012
Project("{FAE04EC0-301F-11D3-BF4B-00C04F79EFBC}") = "kofile_c_charp", "kofile_c_charp\kofile_c_charp.csproj", "{B0A4ED01-E2C2-4F7A-91BA-8CD75B787F17}"
EndProject
Global
	GlobalSection(SolutionConfigurationPlatforms) = preSolution
		Debug|Any CPU = Debug|Any CPU
		Release|Any CPU = Release|Any CPU
	EndGlobalSection
	GlobalSection(ProjectConfigurationPlatforms) = postSolution
		{B0A4ED01-E2C2-4F7A-91BA-8CD75B787F17}.Debug|Any CPU.ActiveCfg = Debug|Any CPU
		{B0A4ED01-E2C2-4F7A-91BA-8CD75B787F17}.Debug|Any CPU.Build.0 = Debug|Any CPU
		{B0A4ED01-E2C2-4F7A-91BA-8CD75B787F17}.Release|Any CPU.ActiveCfg = Release|Any CPU
		{B0A4ED01-E2C2-4F7A-91BA-8CD75B787F17}.Release|Any CPU.Build.0 = Release|Any CPU
	EndGlobalSection
EndGlobal
